
Microsoft Visual Studio Solution File, Format Version 12.00
# Visual Studio Version 16
VisualStudioVersion = 16.0.28922.388
MinimumVisualStudioVersion = 10.0.40219.1
Project("{FAE04EC0-301F-11D3-BF4B-00C04F79EFBC}") = "juego_minimalista_amoaldiablo", "juego_minimalista_amoaldiablo\juego_minimalista_amoaldiablo.csproj", "{D6B5A8C4-DA69-4147-A68D-5446E56924D6}"
EndProject
Global
	GlobalSection(SolutionConfigurationPlatforms) = preSolution
		Debug|Any CPU = Debug|Any CPU
		Release|Any CPU = Release|Any CPU
	EndGlobalSection
	GlobalSection(ProjectConfigurationPlatforms) = postSolution
		{D6B5A8C4-DA69-4147-A68D-5446E56924D6}.Debug|Any CPU.ActiveCfg = Debug|Any CPU
		{D6B5A8C4-DA69-4147-A68D-5446E56924D6}.Debug|Any CPU.Build.0 = Debug|Any CPU
		{D6B5A8C4-DA69-4147-A68D-5446E56924D6}.Release|Any CPU.ActiveCfg = Release|Any CPU
		{D6B5A8C4-DA69-4147-A68D-5446E56924D6}.Release|Any CPU.Build.0 = Release|Any CPU
	EndGlobalSection
	GlobalSection(SolutionProperties) = preSolution
		HideSolutionNode = FALSE
	EndGlobalSection
	GlobalSection(ExtensibilityGlobals) = postSolution
		SolutionGuid = {A097D01E-1CBD-4DDE-982D-9BC8F1BD4CAE}
	EndGlobalSection
EndGlobal
